
Microsoft Visual Studio Solution File, Format Version 12.00
# Visual Studio 2012
Project("{FAE04EC0-301F-11D3-BF4B-00C04F79EFBC}") = "CaAPa", "CaAPa\CaAPa.csproj", "{7CD0F309-85F1-44A5-A549-C705D8391866}"
EndProject
Project("{FAE04EC0-301F-11D3-BF4B-00C04F79EFBC}") = "CaAPa.UITests", "CaAPa.UITests\CaAPa.UITests.csproj", "{0E83E7DF-100D-4695-ABBA-3F52BCFF85FB}"
EndProject
Global
	GlobalSection(SolutionConfigurationPlatforms) = preSolution
		Debug|Any CPU = Debug|Any CPU
		Release|Any CPU = Release|Any CPU
	EndGlobalSection
	GlobalSection(ProjectConfigurationPlatforms) = postSolution
		{0E83E7DF-100D-4695-ABBA-3F52BCFF85FB}.Debug|Any CPU.ActiveCfg = Debug|Any CPU
		{0E83E7DF-100D-4695-ABBA-3F52BCFF85FB}.Debug|Any CPU.Build.0 = Debug|Any CPU
		{0E83E7DF-100D-4695-ABBA-3F52BCFF85FB}.Release|Any CPU.ActiveCfg = Release|Any CPU
		{0E83E7DF-100D-4695-ABBA-3F52BCFF85FB}.Release|Any CPU.Build.0 = Release|Any CPU
		{7CD0F309-85F1-44A5-A549-C705D8391866}.Debug|Any CPU.ActiveCfg = Debug|Any CPU
		{7CD0F309-85F1-44A5-A549-C705D8391866}.Debug|Any CPU.Build.0 = Debug|Any CPU
		{7CD0F309-85F1-44A5-A549-C705D8391866}.Release|Any CPU.ActiveCfg = Release|Any CPU
		{7CD0F309-85F1-44A5-A549-C705D8391866}.Release|Any CPU.Build.0 = Release|Any CPU
	EndGlobalSection
EndGlobal
